
Microsoft Visual Studio Solution File, Format Version 12.00
# Visual Studio Version 17
VisualStudioVersion = 17.6.33829.357
MinimumVisualStudioVersion = 10.0.40219.1
Project("{FAE04EC0-301F-11D3-BF4B-00C04F79EFBC}") = "Homework №7", "Homework №7.csproj", "{5392532E-1DA9-4445-8A26-321613E2E167}"
EndProject
Global
	GlobalSection(SolutionConfigurationPlatforms) = preSolution
		Debug|Any CPU = Debug|Any CPU
		Release|Any CPU = Release|Any CPU
	EndGlobalSection
	GlobalSection(ProjectConfigurationPlatforms) = postSolution
		{5392532E-1DA9-4445-8A26-321613E2E167}.Debug|Any CPU.ActiveCfg = Debug|Any CPU
		{5392532E-1DA9-4445-8A26-321613E2E167}.Debug|Any CPU.Build.0 = Debug|Any CPU
		{5392532E-1DA9-4445-8A26-321613E2E167}.Release|Any CPU.ActiveCfg = Release|Any CPU
		{5392532E-1DA9-4445-8A26-321613E2E167}.Release|Any CPU.Build.0 = Release|Any CPU
	EndGlobalSection
	GlobalSection(SolutionProperties) = preSolution
		HideSolutionNode = FALSE
	EndGlobalSection
	GlobalSection(ExtensibilityGlobals) = postSolution
		SolutionGuid = {060BCFD7-E747-4615-8D36-4DAD79E6041E}
	EndGlobalSection
EndGlobal
