
Microsoft Visual Studio Solution File, Format Version 12.00
# Visual Studio Version 17
VisualStudioVersion = 17.4.33403.182
MinimumVisualStudioVersion = 10.0.40219.1
Project("{FAE04EC0-301F-11D3-BF4B-00C04F79EFBC}") = "Homework №2.2", "Homework №2.2.csproj", "{47785F1C-3457-4287-A5B0-240DF44103C2}"
EndProject
Global
	GlobalSection(SolutionConfigurationPlatforms) = preSolution
		Debug|Any CPU = Debug|Any CPU
		Release|Any CPU = Release|Any CPU
	EndGlobalSection
	GlobalSection(ProjectConfigurationPlatforms) = postSolution
		{47785F1C-3457-4287-A5B0-240DF44103C2}.Debug|Any CPU.ActiveCfg = Debug|Any CPU
		{47785F1C-3457-4287-A5B0-240DF44103C2}.Debug|Any CPU.Build.0 = Debug|Any CPU
		{47785F1C-3457-4287-A5B0-240DF44103C2}.Release|Any CPU.ActiveCfg = Release|Any CPU
		{47785F1C-3457-4287-A5B0-240DF44103C2}.Release|Any CPU.Build.0 = Release|Any CPU
	EndGlobalSection
	GlobalSection(SolutionProperties) = preSolution
		HideSolutionNode = FALSE
	EndGlobalSection
	GlobalSection(ExtensibilityGlobals) = postSolution
		SolutionGuid = {73BB3F3A-77AD-4267-9282-B4A7BC7D3279}
	EndGlobalSection
EndGlobal
