
Microsoft Visual Studio Solution File, Format Version 12.00
# Visual Studio Version 17
VisualStudioVersion = 17.4.33403.182
MinimumVisualStudioVersion = 10.0.40219.1
Project("{FAE04EC0-301F-11D3-BF4B-00C04F79EFBC}") = "Homework №3.3d", "Homework №3.3d.csproj", "{5F250E56-26A6-4061-B7D8-454F4A86DFAC}"
EndProject
Global
	GlobalSection(SolutionConfigurationPlatforms) = preSolution
		Debug|Any CPU = Debug|Any CPU
		Release|Any CPU = Release|Any CPU
	EndGlobalSection
	GlobalSection(ProjectConfigurationPlatforms) = postSolution
		{5F250E56-26A6-4061-B7D8-454F4A86DFAC}.Debug|Any CPU.ActiveCfg = Debug|Any CPU
		{5F250E56-26A6-4061-B7D8-454F4A86DFAC}.Debug|Any CPU.Build.0 = Debug|Any CPU
		{5F250E56-26A6-4061-B7D8-454F4A86DFAC}.Release|Any CPU.ActiveCfg = Release|Any CPU
		{5F250E56-26A6-4061-B7D8-454F4A86DFAC}.Release|Any CPU.Build.0 = Release|Any CPU
	EndGlobalSection
	GlobalSection(SolutionProperties) = preSolution
		HideSolutionNode = FALSE
	EndGlobalSection
	GlobalSection(ExtensibilityGlobals) = postSolution
		SolutionGuid = {688007BF-FBC4-46C8-8A50-79407158241F}
	EndGlobalSection
EndGlobal
