
Microsoft Visual Studio Solution File, Format Version 12.00
# Visual Studio Version 17
VisualStudioVersion = 17.4.33403.182
MinimumVisualStudioVersion = 10.0.40219.1
Project("{FAE04EC0-301F-11D3-BF4B-00C04F79EFBC}") = "ConsoleApp1", "ConsoleApp1.csproj", "{FBB43134-03E8-48DF-B77E-CD98169DD73E}"
EndProject
Global
	GlobalSection(SolutionConfigurationPlatforms) = preSolution
		Debug|Any CPU = Debug|Any CPU
		Release|Any CPU = Release|Any CPU
	EndGlobalSection
	GlobalSection(ProjectConfigurationPlatforms) = postSolution
		{FBB43134-03E8-48DF-B77E-CD98169DD73E}.Debug|Any CPU.ActiveCfg = Debug|Any CPU
		{FBB43134-03E8-48DF-B77E-CD98169DD73E}.Debug|Any CPU.Build.0 = Debug|Any CPU
		{FBB43134-03E8-48DF-B77E-CD98169DD73E}.Release|Any CPU.ActiveCfg = Release|Any CPU
		{FBB43134-03E8-48DF-B77E-CD98169DD73E}.Release|Any CPU.Build.0 = Release|Any CPU
	EndGlobalSection
	GlobalSection(SolutionProperties) = preSolution
		HideSolutionNode = FALSE
	EndGlobalSection
	GlobalSection(ExtensibilityGlobals) = postSolution
		SolutionGuid = {5E61670F-CFFD-47C7-8613-8146C583F848}
	EndGlobalSection
EndGlobal
